
Microsoft Visual Studio Solution File, Format Version 12.00
# Visual Studio Version 17
VisualStudioVersion = 17.10.35004.147
MinimumVisualStudioVersion = 10.0.40219.1
Project("{FAE04EC0-301F-11D3-BF4B-00C04F79EFBC}") = "Class_Student_hw_25_06_2024", "Class_Student_hw_25_06_2024\Class_Student_hw_25_06_2024.csproj", "{C0ECB284-63F8-4059-B0FE-0F0B4F5DCD92}"
EndProject
Global
	GlobalSection(SolutionConfigurationPlatforms) = preSolution
		Debug|Any CPU = Debug|Any CPU
		Release|Any CPU = Release|Any CPU
	EndGlobalSection
	GlobalSection(ProjectConfigurationPlatforms) = postSolution
		{C0ECB284-63F8-4059-B0FE-0F0B4F5DCD92}.Debug|Any CPU.ActiveCfg = Debug|Any CPU
		{C0ECB284-63F8-4059-B0FE-0F0B4F5DCD92}.Debug|Any CPU.Build.0 = Debug|Any CPU
		{C0ECB284-63F8-4059-B0FE-0F0B4F5DCD92}.Release|Any CPU.ActiveCfg = Release|Any CPU
		{C0ECB284-63F8-4059-B0FE-0F0B4F5DCD92}.Release|Any CPU.Build.0 = Release|Any CPU
	EndGlobalSection
	GlobalSection(SolutionProperties) = preSolution
		HideSolutionNode = FALSE
	EndGlobalSection
	GlobalSection(ExtensibilityGlobals) = postSolution
		SolutionGuid = {3A07EB1C-9558-4691-8CB6-766379C4C3D8}
	EndGlobalSection
EndGlobal
